version = 1
revision = 3
requires-python = ">=3.12"

[[package]]
name = "polars"
version = "1.39.2"
source = { registry = "https://pypi.org/simple" }
dependencies = [
    { name = "polars-runtime-32" },
]
sdist = { url = "https://files.pythonhosted.org/packages/87/33/50d5f19904e48c79e287b825e847bb44ca9d22a010da2c54f011c007c9b4/polars-1.39.2.tar.gz", hash = "sha256:81a522dbc8a90153f8b584db65ada340e02eff35e880b1c8317a4db2972f332e", size = 728976, upload-time = "2026-03-17T17:18:41.405Z" }
wheels = [
    { url = "https://files.pythonhosted.org/packages/c2/52/306da8d01a324a6ad693baa963dcd180f089882426653605bd418681183b/polars-1.39.2-py3-none-any.whl", hash = "sha256:4c18adebbec09e71021cb54af3b529f5d77b78d0220bb96f251855b418152691", size = 823983, upload-time = "2026-03-17T17:16:35.211Z" },
]

[[package]]
name = "polars-runtime-32"
version = "1.39.2"
source = { registry = "https://pypi.org/simple" }
sdist = { url = "https://files.pythonhosted.org/packages/ec/27/f152f8ac761f1bd40f8b97795d812a92fca36e2d9a4a48899a29a4b63759/polars_runtime_32-1.39.2.tar.gz", hash = "sha256:cd140b510aeaa929d868f2dde12b1d9163e6df416a30abbabc936f0dc68f58b8", size = 2871745, upload-time = "2026-03-17T17:18:43.336Z" }
wheels = [
    { url = "https://files.pythonhosted.org/packages/f9/eb/b207c80c0e34ab9bd63dce98edc33c86e76ad3806b57faa551f9cb38483a/polars_runtime_32-1.39.2-cp310-abi3-macosx_10_12_x86_64.whl", hash = "sha256:f8165a49fd3fdb9526f23448ec62186c387ddb8b3a574b1cbe093e7efbf20b97", size = 45273242, upload-time = "2026-03-17T17:16:38.161Z" },
    { url = "https://files.pythonhosted.org/packages/2b/75/ceca07b2b6553fff591335213d91c944da13ee56b0dd789793d9dd5ef106/polars_runtime_32-1.39.2-cp310-abi3-macosx_11_0_arm64.whl", hash = "sha256:897deb4b2c878d65d0f753bb79c95b94902e4fb6c8f55693e059f419cebb54e6", size = 40842750, upload-time = "2026-03-17T17:16:41.806Z" },
    { url = "https://files.pythonhosted.org/packages/1d/42/e34654ebbba3f46c9a462b96097c425058fd1734e30c90d57f88785580d6/polars_runtime_32-1.39.2-cp310-abi3-manylinux_2_17_aarch64.manylinux2014_aarch64.whl", hash = "sha256:eac7180dc99251050c54cc7f8e599167b4f10f0f165f64c593cfc6b6ece11da8", size = 43220738, upload-time = "2026-03-17T17:16:45.414Z" },
    { url = "https://files.pythonhosted.org/packages/4b/ad/f95110341491949f7137f1c74b988a6fede81b0b145771f3a69d9001f15a/polars_runtime_32-1.39.2-cp310-abi3-manylinux_2_17_x86_64.manylinux2014_x86_64.whl", hash = "sha256:5895c531f61cad339a6283410c5b142f51c785263970efdea4d3ec571c1d98ef", size = 46877499, upload-time = "2026-03-17T17:16:49.411Z" },
    { url = "https://files.pythonhosted.org/packages/1b/1a/3eefef3da464e3f5defd957baa971567062ac8d6503a0922b9bae51cc8ce/polars_runtime_32-1.39.2-cp310-abi3-musllinux_1_2_aarch64.whl", hash = "sha256:4786a82d300e1005b5d3ee3c42f16c5b457d3c34cb5d3e1d2423a41e53a51292", size = 43380175, upload-time = "2026-03-17T17:16:53.309Z" },
    { url = "https://files.pythonhosted.org/packages/9e/a4/f50f78fa8349eca7d817fd9f55781ec0bf9dd7de2d41b8fa07559f1a8c26/polars_runtime_32-1.39.2-cp310-abi3-musllinux_1_2_x86_64.whl", hash = "sha256:b3aa5295f1fabde44230d65843974c7eed8e1826ddbe6279fb2af5ad43135432", size = 46485946, upload-time = "2026-03-17T17:16:57.511Z" },
    { url = "https://files.pythonhosted.org/packages/ad/38/d39a817f7bcc10b3fac623a862f7747f644a7b25c3fa9471a15676fa38a8/polars_runtime_32-1.39.2-cp310-abi3-win_amd64.whl", hash = "sha256:54681d568a7a33468248406a02d9335e767c838c6a64b0d8ea810ed73561efed", size = 46995460, upload-time = "2026-03-17T17:17:03.078Z" },
    { url = "https://files.pythonhosted.org/packages/61/81/ce97dc3d3ebd43f78dd47100110e586df0a48de9668b79806220f948b422/polars_runtime_32-1.39.2-cp310-abi3-win_arm64.whl", hash = "sha256:d4402c8d35a9dcec2049e6b0bcfd13853ef1a0ce456a32b489b81979d3e6f8a5", size = 41857645, upload-time = "2026-03-17T17:17:08.189Z" },
]

[[package]]
name = "quant"
version = "0.1.0"
source = { virtual = "." }
dependencies = [
    { name = "polars" },
]

[package.metadata]
requires-dist = [{ name = "polars", specifier = ">=1.39.2" }]
